PODS:
  - YandexMobileMetrica/Dynamic (4.5.2):
    - YandexMobileMetrica/Dynamic/Core (= 4.5.2)
    - YandexMobileMetrica/Dynamic/Crashes (= 4.5.2)
  - YandexMobileMetrica/Dynamic/Core (4.5.2)
  - YandexMobileMetrica/Dynamic/Crashes (4.5.2):
    - YandexMobileMetrica/Dynamic/Core

DEPENDENCIES:
  - YandexMobileMetrica/Dynamic (= 4.5.2)

SPEC REPOS:
  trunk:
    - YandexMobileMetrica

SPEC CHECKSUMS:
  YandexMobileMetrica: f5368ee93f286c793d73b58da00929babfc897c1

PODFILE CHECKSUM: 240fd84f5bd7692fb2fe751b5cad5d39b700da0b

COCOAPODS: 1.11.3
