// !$*UTF8*$!
{
	archiveVersion = 1;
	classes = {
	};
	objectVersion = 56;
	objects = {

/* Begin PBXBuildFile section */
		2A0B39AE2AB63F7C00276B79 /* WeekdaysMarshalling.swift in Sources */ = {isa = PBXBuildFile; fileRef = 2A0B39AD2AB63F7C00276B79 /* WeekdaysMarshalling.swift */; };
		2A0B39B02AB7157B00276B79 /* TrackerCategoryStoreUpdate.swift in Sources */ = {isa = PBXBuildFile; fileRef = 2A0B39AF2AB7157B00276B79 /* TrackerCategoryStoreUpdate.swift */; };
		2A12A2B42A9A2AF10024B3E4 /* TabBarController.swift in Sources */ = {isa = PBXBuildFile; fileRef = 2A12A2B32A9A2AF10024B3E4 /* TabBarController.swift */; };
		2A12A2BC2A9A74200024B3E4 /* StatisticViewController.swift in Sources */ = {isa = PBXBuildFile; fileRef = 2A12A2BB2A9A74200024B3E4 /* StatisticViewController.swift */; };
		2A162FFB2AC8A8DE00BDBF79 /* Observable.swift in Sources */ = {isa = PBXBuildFile; fileRef = 2A162FFA2AC8A8DE00BDBF79 /* Observable.swift */; };
		2A28C1812ABE11AD0083CAA4 /* UIViewController.swift in Sources */ = {isa = PBXBuildFile; fileRef = 2A28C1802ABE11AD0083CAA4 /* UIViewController.swift */; };
		2A2AA81E2AD4909000B39896 /* Localizable.stringsdict in Resources */ = {isa = PBXBuildFile; fileRef = 2A2AA8202AD4909000B39896 /* Localizable.stringsdict */; };
		2A4F9BA32AC0AB8200C46DA4 /* OnboardingViewController.swift in Sources */ = {isa = PBXBuildFile; fileRef = 2A4F9BA22AC0AB8200C46DA4 /* OnboardingViewController.swift */; };
		2A68040B2AB358B60067DB79 /* TrackerStore.swift in Sources */ = {isa = PBXBuildFile; fileRef = 2A68040A2AB358B60067DB79 /* TrackerStore.swift */; };
		2A68040D2AB358CD0067DB79 /* TrackerCategoryStore.swift in Sources */ = {isa = PBXBuildFile; fileRef = 2A68040C2AB358CD0067DB79 /* TrackerCategoryStore.swift */; };
		2A68040F2AB358DB0067DB79 /* TrackerRecordStore.swift in Sources */ = {isa = PBXBuildFile; fileRef = 2A68040E2AB358DB0067DB79 /* TrackerRecordStore.swift */; };
		2A6804132AB38A7F0067DB79 /* UIColorMarshalling.swift in Sources */ = {isa = PBXBuildFile; fileRef = 2A6804122AB38A7F0067DB79 /* UIColorMarshalling.swift */; };
		2A7BD6A22AB0C14200048713 /* TrackerModel.xcdatamodeld in Sources */ = {isa = PBXBuildFile; fileRef = 2A7BD6A02AB0C14200048713 /* TrackerModel.xcdatamodeld */; };
		2A7FD8662A97F104003ED0DD /* AppDelegate.swift in Sources */ = {isa = PBXBuildFile; fileRef = 2A7FD8652A97F104003ED0DD /* AppDelegate.swift */; };
		2A7FD8682A97F104003ED0DD /* SceneDelegate.swift in Sources */ = {isa = PBXBuildFile; fileRef = 2A7FD8672A97F104003ED0DD /* SceneDelegate.swift */; };
		2A7FD86A2A97F104003ED0DD /* TrackerViewController.swift in Sources */ = {isa = PBXBuildFile; fileRef = 2A7FD8692A97F104003ED0DD /* TrackerViewController.swift */; };
		2A7FD86F2A97F107003ED0DD /* Assets.xcassets in Resources */ = {isa = PBXBuildFile; fileRef = 2A7FD86E2A97F107003ED0DD /* Assets.xcassets */; };
		2A7FD8722A97F107003ED0DD /* LaunchScreen.storyboard in Resources */ = {isa = PBXBuildFile; fileRef = 2A7FD8702A97F107003ED0DD /* LaunchScreen.storyboard */; };
		2A7FD87A2A97FA75003ED0DD /* TrackerCell.swift in Sources */ = {isa = PBXBuildFile; fileRef = 2A7FD8792A97FA75003ED0DD /* TrackerCell.swift */; };
		2AAAAD982AA724F100E6C6CE /* TimetableViewController.swift in Sources */ = {isa = PBXBuildFile; fileRef = 2AAAAD972AA724F100E6C6CE /* TimetableViewController.swift */; };
		2AAAAD9A2AA72D2100E6C6CE /* TimetableCell.swift in Sources */ = {isa = PBXBuildFile; fileRef = 2AAAAD992AA72D2100E6C6CE /* TimetableCell.swift */; };
		2ACDCA4C2AC48DDA008827A0 /* UserDefaultsManager.swift in Sources */ = {isa = PBXBuildFile; fileRef = 2ACDCA4B2AC48DDA008827A0 /* UserDefaultsManager.swift */; };
		2AD904D42AC1A12300CBB9E0 /* OnboardingFirst.swift in Sources */ = {isa = PBXBuildFile; fileRef = 2AD904D32AC1A12300CBB9E0 /* OnboardingFirst.swift */; };
		2AD904D62AC1A26F00CBB9E0 /* OnboardingSecond.swift in Sources */ = {isa = PBXBuildFile; fileRef = 2AD904D52AC1A26F00CBB9E0 /* OnboardingSecond.swift */; };
		2AED5D322AA0FB4E0049ACD4 /* Tracker.swift in Sources */ = {isa = PBXBuildFile; fileRef = 2AED5D312AA0FB4E0049ACD4 /* Tracker.swift */; };
		2AED5D352AA10A1D0049ACD4 /* UIView + Extension.swift in Sources */ = {isa = PBXBuildFile; fileRef = 2AED5D342AA10A1D0049ACD4 /* UIView + Extension.swift */; };
		2AED5D372AA10E640049ACD4 /* Cell + Extension.swift in Sources */ = {isa = PBXBuildFile; fileRef = 2AED5D362AA10E640049ACD4 /* Cell + Extension.swift */; };
		2AED5D3A2AA2135B0049ACD4 /* TrackersTypeViewController.swift in Sources */ = {isa = PBXBuildFile; fileRef = 2AED5D392AA2135B0049ACD4 /* TrackersTypeViewController.swift */; };
		2AED5D3C2AA21BB80049ACD4 /* TrackerCategory.swift in Sources */ = {isa = PBXBuildFile; fileRef = 2AED5D3B2AA21BB80049ACD4 /* TrackerCategory.swift */; };
		2AED5D3E2AA21C140049ACD4 /* TrackerRecord.swift in Sources */ = {isa = PBXBuildFile; fileRef = 2AED5D3D2AA21C140049ACD4 /* TrackerRecord.swift */; };
		2AED5D422AA248270049ACD4 /* GeometryParams.swift in Sources */ = {isa = PBXBuildFile; fileRef = 2AED5D412AA248270049ACD4 /* GeometryParams.swift */; };
		2AED5D442AA2599A0049ACD4 /* HeaderViewCell.swift in Sources */ = {isa = PBXBuildFile; fileRef = 2AED5D432AA2599A0049ACD4 /* HeaderViewCell.swift */; };
		2AED5D462AA273AD0049ACD4 /* NewTrackerViewController.swift in Sources */ = {isa = PBXBuildFile; fileRef = 2AED5D452AA273AD0049ACD4 /* NewTrackerViewController.swift */; };
		2AED5D482AA5DD2C0049ACD4 /* SubtitledTableViewCell.swift in Sources */ = {isa = PBXBuildFile; fileRef = 2AED5D472AA5DD2C0049ACD4 /* SubtitledTableViewCell.swift */; };
		2AED5D4A2AA6145C0049ACD4 /* EmojiCollectionViewCell.swift in Sources */ = {isa = PBXBuildFile; fileRef = 2AED5D492AA6145C0049ACD4 /* EmojiCollectionViewCell.swift */; };
		2AED5D4C2AA6148A0049ACD4 /* ColorsCollectionViewCell.swift in Sources */ = {isa = PBXBuildFile; fileRef = 2AED5D4B2AA6148A0049ACD4 /* ColorsCollectionViewCell.swift */; };
		2AED5D4E2AA615990049ACD4 /* UIColor + Extension.swift in Sources */ = {isa = PBXBuildFile; fileRef = 2AED5D4D2AA615990049ACD4 /* UIColor + Extension.swift */; };
		2AED5D502AA643A10049ACD4 /* EmptyView.swift in Sources */ = {isa = PBXBuildFile; fileRef = 2AED5D4F2AA643A10049ACD4 /* EmptyView.swift */; };
		2AED5D532AA64C920049ACD4 /* CategoriesViewController.swift in Sources */ = {isa = PBXBuildFile; fileRef = 2AED5D522AA64C920049ACD4 /* CategoriesViewController.swift */; };
		2AED5D552AA6564E0049ACD4 /* AddNewCategoryViewController.swift in Sources */ = {isa = PBXBuildFile; fileRef = 2AED5D542AA6564E0049ACD4 /* AddNewCategoryViewController.swift */; };
		2AEFA3052AB8E00D00B15035 /* String + Extention.swift in Sources */ = {isa = PBXBuildFile; fileRef = 2AEFA3042AB8E00D00B15035 /* String + Extention.swift */; };
		2AFF93B02AC8464B00E8695A /* CategoriesViewModel.swift in Sources */ = {isa = PBXBuildFile; fileRef = 2AFF93AF2AC8464B00E8695A /* CategoriesViewModel.swift */; };
/* End PBXBuildFile section */

/* Begin PBXFileReference section */
		2A0B39AD2AB63F7C00276B79 /* WeekdaysMarshalling.swift */ = {isa = PBXFileReference; lastKnownFileType = sourcecode.swift; path = WeekdaysMarshalling.swift; sourceTree = "<group>"; };
		2A0B39AF2AB7157B00276B79 /* TrackerCategoryStoreUpdate.swift */ = {isa = PBXFileReference; lastKnownFileType = sourcecode.swift; path = TrackerCategoryStoreUpdate.swift; sourceTree = "<group>"; };
		2A12A2B32A9A2AF10024B3E4 /* TabBarController.swift */ = {isa = PBXFileReference; lastKnownFileType = sourcecode.swift; path = TabBarController.swift; sourceTree = "<group>"; };
		2A12A2BB2A9A74200024B3E4 /* StatisticViewController.swift */ = {isa = PBXFileReference; lastKnownFileType = sourcecode.swift; path = StatisticViewController.swift; sourceTree = "<group>"; };
		2A162FFA2AC8A8DE00BDBF79 /* Observable.swift */ = {isa = PBXFileReference; lastKnownFileType = sourcecode.swift; path = Observable.swift; sourceTree = "<group>"; };
		2A28C1802ABE11AD0083CAA4 /* UIViewController.swift */ = {isa = PBXFileReference; lastKnownFileType = sourcecode.swift; path = UIViewController.swift; sourceTree = "<group>"; };
		2A2AA81F2AD4909000B39896 /* en */ = {isa = PBXFileReference; lastKnownFileType = text.plist.stringsdict; name = en; path = en.lproj/Localizable.stringsdict; sourceTree = "<group>"; };
		2A2AA8212AD4909300B39896 /* ru */ = {isa = PBXFileReference; lastKnownFileType = text.plist.stringsdict; name = ru; path = ru.lproj/Localizable.stringsdict; sourceTree = "<group>"; };
		2A3B6B0D2AA8EC5E000E3B78 /* ru */ = {isa = PBXFileReference; lastKnownFileType = text.plist.strings; name = ru; path = ru.lproj/LaunchScreen.strings; sourceTree = "<group>"; };
		2A3B6B0E2AA8EC87000E3B78 /* ru */ = {isa = PBXFileReference; lastKnownFileType = file.storyboard; name = ru; path = ru.lproj/LaunchScreen.storyboard; sourceTree = "<group>"; };
		2A4F9BA22AC0AB8200C46DA4 /* OnboardingViewController.swift */ = {isa = PBXFileReference; lastKnownFileType = sourcecode.swift; path = OnboardingViewController.swift; sourceTree = "<group>"; };
		2A68040A2AB358B60067DB79 /* TrackerStore.swift */ = {isa = PBXFileReference; lastKnownFileType = sourcecode.swift; path = TrackerStore.swift; sourceTree = "<group>"; };
		2A68040C2AB358CD0067DB79 /* TrackerCategoryStore.swift */ = {isa = PBXFileReference; lastKnownFileType = sourcecode.swift; path = TrackerCategoryStore.swift; sourceTree = "<group>"; };
		2A68040E2AB358DB0067DB79 /* TrackerRecordStore.swift */ = {isa = PBXFileReference; lastKnownFileType = sourcecode.swift; path = TrackerRecordStore.swift; sourceTree = "<group>"; };
		2A6804122AB38A7F0067DB79 /* UIColorMarshalling.swift */ = {isa = PBXFileReference; lastKnownFileType = sourcecode.swift; path = UIColorMarshalling.swift; sourceTree = "<group>"; };
		2A7BD6A12AB0C14200048713 /* TrackerCoreData.xcdatamodel */ = {isa = PBXFileReference; lastKnownFileType = wrapper.xcdatamodel; path = TrackerCoreData.xcdatamodel; sourceTree = "<group>"; };
		2A7FD8622A97F104003ED0DD /* Tracker.app */ = {isa = PBXFileReference; explicitFileType = wrapper.application; includeInIndex = 0; path = Tracker.app; sourceTree = BUILT_PRODUCTS_DIR; };
		2A7FD8652A97F104003ED0DD /* AppDelegate.swift */ = {isa = PBXFileReference; lastKnownFileType = sourcecode.swift; path = AppDelegate.swift; sourceTree = "<group>"; };
		2A7FD8672A97F104003ED0DD /* SceneDelegate.swift */ = {isa = PBXFileReference; lastKnownFileType = sourcecode.swift; path = SceneDelegate.swift; sourceTree = "<group>"; };
		2A7FD8692A97F104003ED0DD /* TrackerViewController.swift */ = {isa = PBXFileReference; lastKnownFileType = sourcecode.swift; path = TrackerViewController.swift; sourceTree = "<group>"; };
		2A7FD86E2A97F107003ED0DD /* Assets.xcassets */ = {isa = PBXFileReference; lastKnownFileType = folder.assetcatalog; path = Assets.xcassets; sourceTree = "<group>"; };
		2A7FD8732A97F107003ED0DD /* Info.plist */ = {isa = PBXFileReference; lastKnownFileType = text.plist.xml; path = Info.plist; sourceTree = "<group>"; };
		2A7FD8792A97FA75003ED0DD /* TrackerCell.swift */ = {isa = PBXFileReference; lastKnownFileType = sourcecode.swift; path = TrackerCell.swift; sourceTree = "<group>"; };
		2AAAAD972AA724F100E6C6CE /* TimetableViewController.swift */ = {isa = PBXFileReference; lastKnownFileType = sourcecode.swift; path = TimetableViewController.swift; sourceTree = "<group>"; };
		2AAAAD992AA72D2100E6C6CE /* TimetableCell.swift */ = {isa = PBXFileReference; lastKnownFileType = sourcecode.swift; path = TimetableCell.swift; sourceTree = "<group>"; };
		2ACDCA4B2AC48DDA008827A0 /* UserDefaultsManager.swift */ = {isa = PBXFileReference; lastKnownFileType = sourcecode.swift; path = UserDefaultsManager.swift; sourceTree = "<group>"; };
		2AD904D32AC1A12300CBB9E0 /* OnboardingFirst.swift */ = {isa = PBXFileReference; lastKnownFileType = sourcecode.swift; path = OnboardingFirst.swift; sourceTree = "<group>"; };
		2AD904D52AC1A26F00CBB9E0 /* OnboardingSecond.swift */ = {isa = PBXFileReference; lastKnownFileType = sourcecode.swift; path = OnboardingSecond.swift; sourceTree = "<group>"; };
		2AED5D312AA0FB4E0049ACD4 /* Tracker.swift */ = {isa = PBXFileReference; lastKnownFileType = sourcecode.swift; path = Tracker.swift; sourceTree = "<group>"; };
		2AED5D342AA10A1D0049ACD4 /* UIView + Extension.swift */ = {isa = PBXFileReference; lastKnownFileType = sourcecode.swift; path = "UIView + Extension.swift"; sourceTree = "<group>"; };
		2AED5D362AA10E640049ACD4 /* Cell + Extension.swift */ = {isa = PBXFileReference; lastKnownFileType = sourcecode.swift; path = "Cell + Extension.swift"; sourceTree = "<group>"; };
		2AED5D392AA2135B0049ACD4 /* TrackersTypeViewController.swift */ = {isa = PBXFileReference; lastKnownFileType = sourcecode.swift; path = TrackersTypeViewController.swift; sourceTree = "<group>"; };
		2AED5D3B2AA21BB80049ACD4 /* TrackerCategory.swift */ = {isa = PBXFileReference; lastKnownFileType = sourcecode.swift; path = TrackerCategory.swift; sourceTree = "<group>"; };
		2AED5D3D2AA21C140049ACD4 /* TrackerRecord.swift */ = {isa = PBXFileReference; lastKnownFileType = sourcecode.swift; path = TrackerRecord.swift; sourceTree = "<group>"; };
		2AED5D412AA248270049ACD4 /* GeometryParams.swift */ = {isa = PBXFileReference; lastKnownFileType = sourcecode.swift; path = GeometryParams.swift; sourceTree = "<group>"; };
		2AED5D432AA2599A0049ACD4 /* HeaderViewCell.swift */ = {isa = PBXFileReference; lastKnownFileType = sourcecode.swift; path = HeaderViewCell.swift; sourceTree = "<group>"; };
		2AED5D452AA273AD0049ACD4 /* NewTrackerViewController.swift */ = {isa = PBXFileReference; lastKnownFileType = sourcecode.swift; path = NewTrackerViewController.swift; sourceTree = "<group>"; };
		2AED5D472AA5DD2C0049ACD4 /* SubtitledTableViewCell.swift */ = {isa = PBXFileReference; lastKnownFileType = sourcecode.swift; path = SubtitledTableViewCell.swift; sourceTree = "<group>"; };
		2AED5D492AA6145C0049ACD4 /* EmojiCollectionViewCell.swift */ = {isa = PBXFileReference; lastKnownFileType = sourcecode.swift; path = EmojiCollectionViewCell.swift; sourceTree = "<group>"; };
		2AED5D4B2AA6148A0049ACD4 /* ColorsCollectionViewCell.swift */ = {isa = PBXFileReference; lastKnownFileType = sourcecode.swift; path = ColorsCollectionViewCell.swift; sourceTree = "<group>"; };
		2AED5D4D2AA615990049ACD4 /* UIColor + Extension.swift */ = {isa = PBXFileReference; lastKnownFileType = sourcecode.swift; path = "UIColor + Extension.swift"; sourceTree = "<group>"; };
		2AED5D4F2AA643A10049ACD4 /* EmptyView.swift */ = {isa = PBXFileReference; lastKnownFileType = sourcecode.swift; path = EmptyView.swift; sourceTree = "<group>"; };
		2AED5D522AA64C920049ACD4 /* CategoriesViewController.swift */ = {isa = PBXFileReference; lastKnownFileType = sourcecode.swift; path = CategoriesViewController.swift; sourceTree = "<group>"; };
		2AED5D542AA6564E0049ACD4 /* AddNewCategoryViewController.swift */ = {isa = PBXFileReference; lastKnownFileType = sourcecode.swift; path = AddNewCategoryViewController.swift; sourceTree = "<group>"; };
		2AEFA3042AB8E00D00B15035 /* String + Extention.swift */ = {isa = PBXFileReference; lastKnownFileType = sourcecode.swift; path = "String + Extention.swift"; sourceTree = "<group>"; };
		2AFF93AF2AC8464B00E8695A /* CategoriesViewModel.swift */ = {isa = PBXFileReference; lastKnownFileType = sourcecode.swift; path = CategoriesViewModel.swift; sourceTree = "<group>"; };
/* End PBXFileReference section */

/* Begin PBXFrameworksBuildPhase section */
		2A7FD85F2A97F104003ED0DD /* Frameworks */ = {
			isa = PBXFrameworksBuildPhase;
			buildActionMask = 2147483647;
			files = (
			);
			runOnlyForDeploymentPostprocessing = 0;
		};
/* End PBXFrameworksBuildPhase section */

/* Begin PBXGroup section */
		2A06A8222AC20D3100FFB324 /* Onboarding */ = {
			isa = PBXGroup;
			children = (
				2A4F9BA22AC0AB8200C46DA4 /* OnboardingViewController.swift */,
				2AD904D32AC1A12300CBB9E0 /* OnboardingFirst.swift */,
				2AD904D52AC1A26F00CBB9E0 /* OnboardingSecond.swift */,
			);
			path = Onboarding;
			sourceTree = "<group>";
		};
		2A12A2B22A9A2AD90024B3E4 /* TabBarController */ = {
			isa = PBXGroup;
			children = (
				2A12A2B32A9A2AF10024B3E4 /* TabBarController.swift */,
			);
			path = TabBarController;
			sourceTree = "<group>";
		};
		2A12A2B52A9A2AFF0024B3E4 /* Tracker */ = {
			isa = PBXGroup;
			children = (
				2A7FD8692A97F104003ED0DD /* TrackerViewController.swift */,
				2AED5D4F2AA643A10049ACD4 /* EmptyView.swift */,
				2A7FD8792A97FA75003ED0DD /* TrackerCell.swift */,
				2AED5D432AA2599A0049ACD4 /* HeaderViewCell.swift */,
			);
			path = Tracker;
			sourceTree = "<group>";
		};
		2A12A2B72A9A2B370024B3E4 /* Application */ = {
			isa = PBXGroup;
			children = (
				2A7FD8652A97F104003ED0DD /* AppDelegate.swift */,
				2A7FD8672A97F104003ED0DD /* SceneDelegate.swift */,
			);
			path = Application;
			sourceTree = "<group>";
		};
		2A12A2B82A9A631C0024B3E4 /* Controllers */ = {
			isa = PBXGroup;
			children = (
				2A06A8222AC20D3100FFB324 /* Onboarding */,
				2A12A2B22A9A2AD90024B3E4 /* TabBarController */,
				2A12A2B52A9A2AFF0024B3E4 /* Tracker */,
				2AED5D382AA212E20049ACD4 /* NewTrackers */,
				2A12A2BA2A9A73F50024B3E4 /* Statistic */,
			);
			path = Controllers;
			sourceTree = "<group>";
		};
		2A12A2B92A9A636C0024B3E4 /* Resources */ = {
			isa = PBXGroup;
			children = (
				2A7FD86E2A97F107003ED0DD /* Assets.xcassets */,
				2A7FD8702A97F107003ED0DD /* LaunchScreen.storyboard */,
				2A7FD8732A97F107003ED0DD /* Info.plist */,
			);
			path = Resources;
			sourceTree = "<group>";
		};
		2A12A2BA2A9A73F50024B3E4 /* Statistic */ = {
			isa = PBXGroup;
			children = (
				2A12A2BB2A9A74200024B3E4 /* StatisticViewController.swift */,
			);
			path = Statistic;
			sourceTree = "<group>";
		};
		2A2AA81B2AD4904500B39896 /* Localization */ = {
			isa = PBXGroup;
			children = (
				2A2AA8202AD4909000B39896 /* Localizable.stringsdict */,
			);
			path = Localization;
			sourceTree = "<group>";
		};
		2A6804082AB353820067DB79 /* CoreData */ = {
			isa = PBXGroup;
			children = (
				2A7BD6A02AB0C14200048713 /* TrackerModel.xcdatamodeld */,
			);
			path = CoreData;
			sourceTree = "<group>";
		};
		2A6804092AB3588E0067DB79 /* Domain */ = {
			isa = PBXGroup;
			children = (
				2A68040A2AB358B60067DB79 /* TrackerStore.swift */,
				2A68040C2AB358CD0067DB79 /* TrackerCategoryStore.swift */,
				2A0B39AF2AB7157B00276B79 /* TrackerCategoryStoreUpdate.swift */,
				2A68040E2AB358DB0067DB79 /* TrackerRecordStore.swift */,
			);
			path = Domain;
			sourceTree = "<group>";
		};
		2A7FD8592A97F104003ED0DD = {
			isa = PBXGroup;
			children = (
				2A7FD8642A97F104003ED0DD /* Tracker */,
				2A7FD8632A97F104003ED0DD /* Products */,
			);
			sourceTree = "<group>";
		};
		2A7FD8632A97F104003ED0DD /* Products */ = {
			isa = PBXGroup;
			children = (
				2A7FD8622A97F104003ED0DD /* Tracker.app */,
			);
			name = Products;
			sourceTree = "<group>";
		};
		2A7FD8642A97F104003ED0DD /* Tracker */ = {
			isa = PBXGroup;
			children = (
				2A12A2B72A9A2B370024B3E4 /* Application */,
				2AED5D302AA0FB340049ACD4 /* Models */,
				2ACDCA4A2AC48D89008827A0 /* Helpers */,
				2A6804092AB3588E0067DB79 /* Domain */,
				2A6804082AB353820067DB79 /* CoreData */,
				2A12A2B82A9A631C0024B3E4 /* Controllers */,
				2A2AA81B2AD4904500B39896 /* Localization */,
				2A12A2B92A9A636C0024B3E4 /* Resources */,
			);
			path = Tracker;
			sourceTree = "<group>";
		};
		2AAAAD962AA7243500E6C6CE /* Timetable */ = {
			isa = PBXGroup;
			children = (
				2AAAAD972AA724F100E6C6CE /* TimetableViewController.swift */,
				2AAAAD992AA72D2100E6C6CE /* TimetableCell.swift */,
			);
			path = Timetable;
			sourceTree = "<group>";
		};
		2ACDCA4A2AC48D89008827A0 /* Helpers */ = {
			isa = PBXGroup;
			children = (
				2AED5D332AA109F00049ACD4 /* Extension */,
				2A6804122AB38A7F0067DB79 /* UIColorMarshalling.swift */,
				2A0B39AD2AB63F7C00276B79 /* WeekdaysMarshalling.swift */,
				2ACDCA4B2AC48DDA008827A0 /* UserDefaultsManager.swift */,
				2A162FFA2AC8A8DE00BDBF79 /* Observable.swift */,
			);
			path = Helpers;
			sourceTree = "<group>";
		};
		2AED5D302AA0FB340049ACD4 /* Models */ = {
			isa = PBXGroup;
			children = (
				2AED5D312AA0FB4E0049ACD4 /* Tracker.swift */,
				2AED5D3B2AA21BB80049ACD4 /* TrackerCategory.swift */,
				2AED5D3D2AA21C140049ACD4 /* TrackerRecord.swift */,
				2AED5D412AA248270049ACD4 /* GeometryParams.swift */,
			);
			path = Models;
			sourceTree = "<group>";
		};
		2AED5D332AA109F00049ACD4 /* Extension */ = {
			isa = PBXGroup;
			children = (
				2AED5D342AA10A1D0049ACD4 /* UIView + Extension.swift */,
				2A28C1802ABE11AD0083CAA4 /* UIViewController.swift */,
				2AED5D362AA10E640049ACD4 /* Cell + Extension.swift */,
				2AED5D4D2AA615990049ACD4 /* UIColor + Extension.swift */,
				2AEFA3042AB8E00D00B15035 /* String + Extention.swift */,
			);
			path = Extension;
			sourceTree = "<group>";
		};
		2AED5D382AA212E20049ACD4 /* NewTrackers */ = {
			isa = PBXGroup;
			children = (
				2AED5D392AA2135B0049ACD4 /* TrackersTypeViewController.swift */,
				2AED5D452AA273AD0049ACD4 /* NewTrackerViewController.swift */,
				2AED5D472AA5DD2C0049ACD4 /* SubtitledTableViewCell.swift */,
				2AED5D492AA6145C0049ACD4 /* EmojiCollectionViewCell.swift */,
				2AED5D4B2AA6148A0049ACD4 /* ColorsCollectionViewCell.swift */,
				2AAAAD962AA7243500E6C6CE /* Timetable */,
				2AED5D512AA64C820049ACD4 /* Categories */,
			);
			path = NewTrackers;
			sourceTree = "<group>";
		};
		2AED5D512AA64C820049ACD4 /* Categories */ = {
			isa = PBXGroup;
			children = (
				2AED5D522AA64C920049ACD4 /* CategoriesViewController.swift */,
				2AFF93AF2AC8464B00E8695A /* CategoriesViewModel.swift */,
				2AED5D542AA6564E0049ACD4 /* AddNewCategoryViewController.swift */,
			);
			path = Categories;
			sourceTree = "<group>";
		};
/* End PBXGroup section */

/* Begin PBXNativeTarget section */
		2A7FD8612A97F104003ED0DD /* Tracker */ = {
			isa = PBXNativeTarget;
			buildConfigurationList = 2A7FD8762A97F107003ED0DD /* Build configuration list for PBXNativeTarget "Tracker" */;
			buildPhases = (
				2A7FD85E2A97F104003ED0DD /* Sources */,
				2A7FD85F2A97F104003ED0DD /* Frameworks */,
				2A7FD8602A97F104003ED0DD /* Resources */,
			);
			buildRules = (
			);
			dependencies = (
			);
			name = Tracker;
			productName = Tracker;
			productReference = 2A7FD8622A97F104003ED0DD /* Tracker.app */;
			productType = "com.apple.product-type.application";
		};
/* End PBXNativeTarget section */

/* Begin PBXProject section */
		2A7FD85A2A97F104003ED0DD /* Project object */ = {
			isa = PBXProject;
			attributes = {
				BuildIndependentTargetsInParallel = 1;
				LastSwiftUpdateCheck = 1500;
				LastUpgradeCheck = 1500;
				TargetAttributes = {
					2A7FD8612A97F104003ED0DD = {
						CreatedOnToolsVersion = 15.0;
					};
				};
			};
			buildConfigurationList = 2A7FD85D2A97F104003ED0DD /* Build configuration list for PBXProject "Tracker" */;
			compatibilityVersion = "Xcode 14.0";
			developmentRegion = ru;
			hasScannedForEncodings = 0;
			knownRegions = (
				en,
				ru,
			);
			mainGroup = 2A7FD8592A97F104003ED0DD;
			productRefGroup = 2A7FD8632A97F104003ED0DD /* Products */;
			projectDirPath = "";
			projectRoot = "";
			targets = (
				2A7FD8612A97F104003ED0DD /* Tracker */,
			);
		};
/* End PBXProject section */

/* Begin PBXResourcesBuildPhase section */
		2A7FD8602A97F104003ED0DD /* Resources */ = {
			isa = PBXResourcesBuildPhase;
			buildActionMask = 2147483647;
			files = (
				2A7FD8722A97F107003ED0DD /* LaunchScreen.storyboard in Resources */,
				2A7FD86F2A97F107003ED0DD /* Assets.xcassets in Resources */,
				2A2AA81E2AD4909000B39896 /* Localizable.stringsdict in Resources */,
			);
			runOnlyForDeploymentPostprocessing = 0;
		};
/* End PBXResourcesBuildPhase section */

/* Begin PBXSourcesBuildPhase section */
		2A7FD85E2A97F104003ED0DD /* Sources */ = {
			isa = PBXSourcesBuildPhase;
			buildActionMask = 2147483647;
			files = (
				2A7FD86A2A97F104003ED0DD /* TrackerViewController.swift in Sources */,
				2A7FD87A2A97FA75003ED0DD /* TrackerCell.swift in Sources */,
				2AEFA3052AB8E00D00B15035 /* String + Extention.swift in Sources */,
				2A0B39AE2AB63F7C00276B79 /* WeekdaysMarshalling.swift in Sources */,
				2A7BD6A22AB0C14200048713 /* TrackerModel.xcdatamodeld in Sources */,
				2A0B39B02AB7157B00276B79 /* TrackerCategoryStoreUpdate.swift in Sources */,
				2AAAAD9A2AA72D2100E6C6CE /* TimetableCell.swift in Sources */,
				2A28C1812ABE11AD0083CAA4 /* UIViewController.swift in Sources */,
				2AED5D372AA10E640049ACD4 /* Cell + Extension.swift in Sources */,
				2A7FD8662A97F104003ED0DD /* AppDelegate.swift in Sources */,
				2AED5D4E2AA615990049ACD4 /* UIColor + Extension.swift in Sources */,
				2A6804132AB38A7F0067DB79 /* UIColorMarshalling.swift in Sources */,
				2A68040F2AB358DB0067DB79 /* TrackerRecordStore.swift in Sources */,
				2AED5D552AA6564E0049ACD4 /* AddNewCategoryViewController.swift in Sources */,
				2AED5D3A2AA2135B0049ACD4 /* TrackersTypeViewController.swift in Sources */,
				2A162FFB2AC8A8DE00BDBF79 /* Observable.swift in Sources */,
				2AED5D3E2AA21C140049ACD4 /* TrackerRecord.swift in Sources */,
				2A68040B2AB358B60067DB79 /* TrackerStore.swift in Sources */,
				2AED5D4A2AA6145C0049ACD4 /* EmojiCollectionViewCell.swift in Sources */,
				2AED5D532AA64C920049ACD4 /* CategoriesViewController.swift in Sources */,
				2AD904D62AC1A26F00CBB9E0 /* OnboardingSecond.swift in Sources */,
				2A12A2BC2A9A74200024B3E4 /* StatisticViewController.swift in Sources */,
				2AFF93B02AC8464B00E8695A /* CategoriesViewModel.swift in Sources */,
				2AED5D352AA10A1D0049ACD4 /* UIView + Extension.swift in Sources */,
				2AED5D442AA2599A0049ACD4 /* HeaderViewCell.swift in Sources */,
				2ACDCA4C2AC48DDA008827A0 /* UserDefaultsManager.swift in Sources */,
				2AED5D422AA248270049ACD4 /* GeometryParams.swift in Sources */,
				2AED5D482AA5DD2C0049ACD4 /* SubtitledTableViewCell.swift in Sources */,
				2A12A2B42A9A2AF10024B3E4 /* TabBarController.swift in Sources */,
				2A68040D2AB358CD0067DB79 /* TrackerCategoryStore.swift in Sources */,
				2A7FD8682A97F104003ED0DD /* SceneDelegate.swift in Sources */,
				2AED5D502AA643A10049ACD4 /* EmptyView.swift in Sources */,
				2AED5D322AA0FB4E0049ACD4 /* Tracker.swift in Sources */,
				2AED5D462AA273AD0049ACD4 /* NewTrackerViewController.swift in Sources */,
				2AED5D4C2AA6148A0049ACD4 /* ColorsCollectionViewCell.swift in Sources */,
				2A4F9BA32AC0AB8200C46DA4 /* OnboardingViewController.swift in Sources */,
				2AD904D42AC1A12300CBB9E0 /* OnboardingFirst.swift in Sources */,
				2AAAAD982AA724F100E6C6CE /* TimetableViewController.swift in Sources */,
				2AED5D3C2AA21BB80049ACD4 /* TrackerCategory.swift in Sources */,
			);
			runOnlyForDeploymentPostprocessing = 0;
		};
/* End PBXSourcesBuildPhase section */

/* Begin PBXVariantGroup section */
		2A2AA8202AD4909000B39896 /* Localizable.stringsdict */ = {
			isa = PBXVariantGroup;
			children = (
				2A2AA81F2AD4909000B39896 /* en */,
				2A2AA8212AD4909300B39896 /* ru */,
			);
			name = Localizable.stringsdict;
			sourceTree = "<group>";
		};
		2A7FD8702A97F107003ED0DD /* LaunchScreen.storyboard */ = {
			isa = PBXVariantGroup;
			children = (
				2A3B6B0D2AA8EC5E000E3B78 /* ru */,
				2A3B6B0E2AA8EC87000E3B78 /* ru */,
			);
			name = LaunchScreen.storyboard;
			sourceTree = "<group>";
		};
/* End PBXVariantGroup section */

/* Begin XCBuildConfiguration section */
		2A7FD8742A97F107003ED0DD /* Debug */ = {
			isa = XCBuildConfiguration;
			buildSettings = {
				ALWAYS_SEARCH_USER_PATHS = NO;
				ASSETCATALOG_COMPILER_GENERATE_SWIFT_ASSET_SYMBOL_EXTENSIONS = YES;
				CLANG_ANALYZER_LOCALIZABILITY_NONLOCALIZED = YES;
				CLANG_ANALYZER_NONNULL = YES;
				CLANG_ANALYZER_NUMBER_OBJECT_CONVERSION = YES_AGGRESSIVE;
				CLANG_CXX_LANGUAGE_STANDARD = "gnu++20";
				CLANG_ENABLE_MODULES = YES;
				CLANG_ENABLE_OBJC_ARC = YES;
				CLANG_ENABLE_OBJC_WEAK = YES;
				CLANG_WARN_BLOCK_CAPTURE_AUTORELEASING = YES;
				CLANG_WARN_BOOL_CONVERSION = YES;
				CLANG_WARN_COMMA = YES;
				CLANG_WARN_CONSTANT_CONVERSION = YES;
				CLANG_WARN_DEPRECATED_OBJC_IMPLEMENTATIONS = YES;
				CLANG_WARN_DIRECT_OBJC_ISA_USAGE = YES_ERROR;
				CLANG_WARN_DOCUMENTATION_COMMENTS = YES;
				CLANG_WARN_EMPTY_BODY = YES;
				CLANG_WARN_ENUM_CONVERSION = YES;
				CLANG_WARN_INFINITE_RECURSION = YES;
				CLANG_WARN_INT_CONVERSION = YES;
				CLANG_WARN_NON_LITERAL_NULL_CONVERSION = YES;
				CLANG_WARN_OBJC_IMPLICIT_RETAIN_SELF = YES;
				CLANG_WARN_OBJC_LITERAL_CONVERSION = YES;
				CLANG_WARN_OBJC_ROOT_CLASS = YES_ERROR;
				CLANG_WARN_QUOTED_INCLUDE_IN_FRAMEWORK_HEADER = YES;
				CLANG_WARN_RANGE_LOOP_ANALYSIS = YES;
				CLANG_WARN_STRICT_PROTOTYPES = YES;
				CLANG_WARN_SUSPICIOUS_MOVE = YES;
				CLANG_WARN_UNGUARDED_AVAILABILITY = YES_AGGRESSIVE;
				CLANG_WARN_UNREACHABLE_CODE = YES;
				CLANG_WARN__DUPLICATE_METHOD_MATCH = YES;
				COPY_PHASE_STRIP = NO;
				DEBUG_INFORMATION_FORMAT = dwarf;
				ENABLE_STRICT_OBJC_MSGSEND = YES;
				ENABLE_TESTABILITY = YES;
				ENABLE_USER_SCRIPT_SANDBOXING = YES;
				GCC_C_LANGUAGE_STANDARD = gnu17;
				GCC_DYNAMIC_NO_PIC = NO;
				GCC_NO_COMMON_BLOCKS = YES;
				GCC_OPTIMIZATION_LEVEL = 0;
				GCC_PREPROCESSOR_DEFINITIONS = (
					"DEBUG=1",
					"$(inherited)",
				);
				GCC_WARN_64_TO_32_BIT_CONVERSION = YES;
				GCC_WARN_ABOUT_RETURN_TYPE = YES_ERROR;
				GCC_WARN_UNDECLARED_SELECTOR = YES;
				GCC_WARN_UNINITIALIZED_AUTOS = YES_AGGRESSIVE;
				GCC_WARN_UNUSED_FUNCTION = YES;
				GCC_WARN_UNUSED_VARIABLE = YES;
				INFOPLIST_FILE = "";
				IPHONEOS_DEPLOYMENT_TARGET = 13.4;
				LOCALIZATION_PREFERS_STRING_CATALOGS = YES;
				MTL_ENABLE_DEBUG_INFO = INCLUDE_SOURCE;
				MTL_FAST_MATH = YES;
				ONLY_ACTIVE_ARCH = YES;
				SDKROOT = iphoneos;
				SWIFT_ACTIVE_COMPILATION_CONDITIONS = "DEBUG $(inherited)";
				SWIFT_OPTIMIZATION_LEVEL = "-Onone";
			};
			name = Debug;
		};
		2A7FD8752A97F107003ED0DD /* Release */ = {
			isa = XCBuildConfiguration;
			buildSettings = {
				ALWAYS_SEARCH_USER_PATHS = NO;
				ASSETCATALOG_COMPILER_GENERATE_SWIFT_ASSET_SYMBOL_EXTENSIONS = YES;
				CLANG_ANALYZER_LOCALIZABILITY_NONLOCALIZED = YES;
				CLANG_ANALYZER_NONNULL = YES;
				CLANG_ANALYZER_NUMBER_OBJECT_CONVERSION = YES_AGGRESSIVE;
				CLANG_CXX_LANGUAGE_STANDARD = "gnu++20";
				CLANG_ENABLE_MODULES = YES;
				CLANG_ENABLE_OBJC_ARC = YES;
				CLANG_ENABLE_OBJC_WEAK = YES;
				CLANG_WARN_BLOCK_CAPTURE_AUTORELEASING = YES;
				CLANG_WARN_BOOL_CONVERSION = YES;
				CLANG_WARN_COMMA = YES;
				CLANG_WARN_CONSTANT_CONVERSION = YES;
				CLANG_WARN_DEPRECATED_OBJC_IMPLEMENTATIONS = YES;
				CLANG_WARN_DIRECT_OBJC_ISA_USAGE = YES_ERROR;
				CLANG_WARN_DOCUMENTATION_COMMENTS = YES;
				CLANG_WARN_EMPTY_BODY = YES;
				CLANG_WARN_ENUM_CONVERSION = YES;
				CLANG_WARN_INFINITE_RECURSION = YES;
				CLANG_WARN_INT_CONVERSION = YES;
				CLANG_WARN_NON_LITERAL_NULL_CONVERSION = YES;
				CLANG_WARN_OBJC_IMPLICIT_RETAIN_SELF = YES;
				CLANG_WARN_OBJC_LITERAL_CONVERSION = YES;
				CLANG_WARN_OBJC_ROOT_CLASS = YES_ERROR;
				CLANG_WARN_QUOTED_INCLUDE_IN_FRAMEWORK_HEADER = YES;
				CLANG_WARN_RANGE_LOOP_ANALYSIS = YES;
				CLANG_WARN_STRICT_PROTOTYPES = YES;
				CLANG_WARN_SUSPICIOUS_MOVE = YES;
				CLANG_WARN_UNGUARDED_AVAILABILITY = YES_AGGRESSIVE;
				CLANG_WARN_UNREACHABLE_CODE = YES;
				CLANG_WARN__DUPLICATE_METHOD_MATCH = YES;
				COPY_PHASE_STRIP = NO;
				DEBUG_INFORMATION_FORMAT = "dwarf-with-dsym";
				ENABLE_NS_ASSERTIONS = NO;
				ENABLE_STRICT_OBJC_MSGSEND = YES;
				ENABLE_USER_SCRIPT_SANDBOXING = YES;
				GCC_C_LANGUAGE_STANDARD = gnu17;
				GCC_NO_COMMON_BLOCKS = YES;
				GCC_WARN_64_TO_32_BIT_CONVERSION = YES;
				GCC_WARN_ABOUT_RETURN_TYPE = YES_ERROR;
				GCC_WARN_UNDECLARED_SELECTOR = YES;
				GCC_WARN_UNINITIALIZED_AUTOS = YES_AGGRESSIVE;
				GCC_WARN_UNUSED_FUNCTION = YES;
				GCC_WARN_UNUSED_VARIABLE = YES;
				INFOPLIST_FILE = "";
				IPHONEOS_DEPLOYMENT_TARGET = 13.4;
				LOCALIZATION_PREFERS_STRING_CATALOGS = YES;
				MTL_ENABLE_DEBUG_INFO = NO;
				MTL_FAST_MATH = YES;
				SDKROOT = iphoneos;
				SWIFT_COMPILATION_MODE = wholemodule;
				VALIDATE_PRODUCT = YES;
			};
			name = Release;
		};
		2A7FD8772A97F107003ED0DD /* Debug */ = {
			isa = XCBuildConfiguration;
			buildSettings = {
				ASSETCATALOG_COMPILER_APPICON_NAME = AppIcon;
				ASSETCATALOG_COMPILER_GLOBAL_ACCENT_COLOR_NAME = AccentColor;
				CODE_SIGN_STYLE = Automatic;
				CURRENT_PROJECT_VERSION = 1;
				DEVELOPMENT_TEAM = TLSJ5SA5W3;
				GENERATE_INFOPLIST_FILE = YES;
				INFOPLIST_FILE = Tracker/Resources/Info.plist;
				INFOPLIST_KEY_UIApplicationSupportsIndirectInputEvents = YES;
				INFOPLIST_KEY_UILaunchStoryboardName = LaunchScreen;
				INFOPLIST_KEY_UISupportedInterfaceOrientations = UIInterfaceOrientationPortrait;
				INFOPLIST_KEY_UISupportedInterfaceOrientations_iPad = "UIInterfaceOrientationLandscapeLeft UIInterfaceOrientationLandscapeRight UIInterfaceOrientationPortrait UIInterfaceOrientationPortraitUpsideDown";
				IPHONEOS_DEPLOYMENT_TARGET = 13.4;
				LD_RUNPATH_SEARCH_PATHS = (
					"$(inherited)",
					"@executable_path/Frameworks",
				);
				MARKETING_VERSION = 1.0;
				PRODUCT_BUNDLE_IDENTIFIER = crowru.Tracker;
				PRODUCT_NAME = "$(TARGET_NAME)";
				SUPPORTED_PLATFORMS = "iphoneos iphonesimulator";
				SUPPORTS_MACCATALYST = NO;
				SUPPORTS_MAC_DESIGNED_FOR_IPHONE_IPAD = NO;
				SUPPORTS_XR_DESIGNED_FOR_IPHONE_IPAD = NO;
				SWIFT_EMIT_LOC_STRINGS = YES;
				SWIFT_VERSION = 5.0;
				TARGETED_DEVICE_FAMILY = 1;
			};
			name = Debug;
		};
		2A7FD8782A97F107003ED0DD /* Release */ = {
			isa = XCBuildConfiguration;
			buildSettings = {
				ASSETCATALOG_COMPILER_APPICON_NAME = AppIcon;
				ASSETCATALOG_COMPILER_GLOBAL_ACCENT_COLOR_NAME = AccentColor;
				CODE_SIGN_STYLE = Automatic;
				CURRENT_PROJECT_VERSION = 1;
				DEVELOPMENT_TEAM = TLSJ5SA5W3;
				GENERATE_INFOPLIST_FILE = YES;
				INFOPLIST_FILE = Tracker/Resources/Info.plist;
				INFOPLIST_KEY_UIApplicationSupportsIndirectInputEvents = YES;
				INFOPLIST_KEY_UILaunchStoryboardName = LaunchScreen;
				INFOPLIST_KEY_UISupportedInterfaceOrientations = UIInterfaceOrientationPortrait;
				INFOPLIST_KEY_UISupportedInterfaceOrientations_iPad = "UIInterfaceOrientationLandscapeLeft UIInterfaceOrientationLandscapeRight UIInterfaceOrientationPortrait UIInterfaceOrientationPortraitUpsideDown";
				IPHONEOS_DEPLOYMENT_TARGET = 13.4;
				LD_RUNPATH_SEARCH_PATHS = (
					"$(inherited)",
					"@executable_path/Frameworks",
				);
				MARKETING_VERSION = 1.0;
				PRODUCT_BUNDLE_IDENTIFIER = crowru.Tracker;
				PRODUCT_NAME = "$(TARGET_NAME)";
				SUPPORTED_PLATFORMS = "iphoneos iphonesimulator";
				SUPPORTS_MACCATALYST = NO;
				SUPPORTS_MAC_DESIGNED_FOR_IPHONE_IPAD = NO;
				SUPPORTS_XR_DESIGNED_FOR_IPHONE_IPAD = NO;
				SWIFT_EMIT_LOC_STRINGS = YES;
				SWIFT_VERSION = 5.0;
				TARGETED_DEVICE_FAMILY = 1;
			};
			name = Release;
		};
/* End XCBuildConfiguration section */

/* Begin XCConfigurationList section */
		2A7FD85D2A97F104003ED0DD /* Build configuration list for PBXProject "Tracker" */ = {
			isa = XCConfigurationList;
			buildConfigurations = (
				2A7FD8742A97F107003ED0DD /* Debug */,
				2A7FD8752A97F107003ED0DD /* Release */,
			);
			defaultConfigurationIsVisible = 0;
			defaultConfigurationName = Release;
		};
		2A7FD8762A97F107003ED0DD /* Build configuration list for PBXNativeTarget "Tracker" */ = {
			isa = XCConfigurationList;
			buildConfigurations = (
				2A7FD8772A97F107003ED0DD /* Debug */,
				2A7FD8782A97F107003ED0DD /* Release */,
			);
			defaultConfigurationIsVisible = 0;
			defaultConfigurationName = Release;
		};
/* End XCConfigurationList section */

/* Begin XCVersionGroup section */
		2A7BD6A02AB0C14200048713 /* TrackerModel.xcdatamodeld */ = {
			isa = XCVersionGroup;
			children = (
				2A7BD6A12AB0C14200048713 /* TrackerCoreData.xcdatamodel */,
			);
			currentVersion = 2A7BD6A12AB0C14200048713 /* TrackerCoreData.xcdatamodel */;
			path = TrackerModel.xcdatamodeld;
			sourceTree = "<group>";
			versionGroupType = wrapper.xcdatamodel;
		};
/* End XCVersionGroup section */
	};
	rootObject = 2A7FD85A2A97F104003ED0DD /* Project object */;
}
